
Microsoft Visual Studio Solution File, Format Version 12.00
# Visual Studio 2013
VisualStudioVersion = 12.0.31101.0
MinimumVisualStudioVersion = 10.0.40219.1
Project("{FAE04EC0-301F-11D3-BF4B-00C04F79EFBC}") = "WimbledonWines", "WimbledonWines\WimbledonWines.csproj", "{3D5E865F-6C70-4FB5-932B-C36152EB1332}"
EndProject
Project("{FAE04EC0-301F-11D3-BF4B-00C04F79EFBC}") = "WimbledonWines.Tests", "WimbledonWines.Tests\WimbledonWines.Tests.csproj", "{42A0F34A-6567-463F-90E2-FC064906EC09}"
EndProject
Global
	GlobalSection(SolutionConfigurationPlatforms) = preSolution
		Debug|Any CPU = Debug|Any CPU
		Release|Any CPU = Release|Any CPU
	EndGlobalSection
	GlobalSection(ProjectConfigurationPlatforms) = postSolution
		{3D5E865F-6C70-4FB5-932B-C36152EB1332}.Debug|Any CPU.ActiveCfg = Debug|Any CPU
		{3D5E865F-6C70-4FB5-932B-C36152EB1332}.Debug|Any CPU.Build.0 = Debug|Any CPU
		{3D5E865F-6C70-4FB5-932B-C36152EB1332}.Release|Any CPU.ActiveCfg = Release|Any CPU
		{3D5E865F-6C70-4FB5-932B-C36152EB1332}.Release|Any CPU.Build.0 = Release|Any CPU
		{42A0F34A-6567-463F-90E2-FC064906EC09}.Debug|Any CPU.ActiveCfg = Debug|Any CPU
		{42A0F34A-6567-463F-90E2-FC064906EC09}.Debug|Any CPU.Build.0 = Debug|Any CPU
		{42A0F34A-6567-463F-90E2-FC064906EC09}.Release|Any CPU.ActiveCfg = Release|Any CPU
		{42A0F34A-6567-463F-90E2-FC064906EC09}.Release|Any CPU.Build.0 = Release|Any CPU
	EndGlobalSection
	GlobalSection(SolutionProperties) = preSolution
		HideSolutionNode = FALSE
	EndGlobalSection
EndGlobal
